
Microsoft Visual Studio Solution File, Format Version 12.00
# Visual Studio 15
Project("{FAE04EC0-301F-11D3-BF4B-00C04F79EFBC}") = "CollectionTest.Android", "CollectionTest.Android\CollectionTest.Android.csproj", "{AD52B508-C823-4E4A-BC5E-630C6B26EFC2}"
EndProject
Project("{FAE04EC0-301F-11D3-BF4B-00C04F79EFBC}") = "CollectionTest.iOS", "CollectionTest.iOS\CollectionTest.iOS.csproj", "{896744AC-EA1F-447A-807C-FF917E9DAEE1}"
EndProject
Project("{D954291E-2A0B-460D-934E-DC6B0785DB48}") = "CollectionTest", "CollectionTest\CollectionTest.shproj", "{34DA0089-6D8F-4FE9-80D4-7245E1732B34}"
EndProject
Global
	GlobalSection(SolutionConfigurationPlatforms) = preSolution
		Debug|Any CPU = Debug|Any CPU
		Release|Any CPU = Release|Any CPU
		Debug|iPhoneSimulator = Debug|iPhoneSimulator
		Release|iPhoneSimulator = Release|iPhoneSimulator
		Debug|iPhone = Debug|iPhone
		Release|iPhone = Release|iPhone
	EndGlobalSection
	GlobalSection(ProjectConfigurationPlatforms) = postSolution
		{AD52B508-C823-4E4A-BC5E-630C6B26EFC2}.Debug|Any CPU.ActiveCfg = Debug|Any CPU
		{AD52B508-C823-4E4A-BC5E-630C6B26EFC2}.Debug|Any CPU.Build.0 = Debug|Any CPU
		{AD52B508-C823-4E4A-BC5E-630C6B26EFC2}.Release|Any CPU.ActiveCfg = Release|Any CPU
		{AD52B508-C823-4E4A-BC5E-630C6B26EFC2}.Release|Any CPU.Build.0 = Release|Any CPU
		{AD52B508-C823-4E4A-BC5E-630C6B26EFC2}.Debug|iPhoneSimulator.ActiveCfg = Debug|Any CPU
		{AD52B508-C823-4E4A-BC5E-630C6B26EFC2}.Debug|iPhoneSimulator.Build.0 = Debug|Any CPU
		{AD52B508-C823-4E4A-BC5E-630C6B26EFC2}.Release|iPhoneSimulator.ActiveCfg = Release|Any CPU
		{AD52B508-C823-4E4A-BC5E-630C6B26EFC2}.Release|iPhoneSimulator.Build.0 = Release|Any CPU
		{AD52B508-C823-4E4A-BC5E-630C6B26EFC2}.Debug|iPhone.ActiveCfg = Debug|Any CPU
		{AD52B508-C823-4E4A-BC5E-630C6B26EFC2}.Debug|iPhone.Build.0 = Debug|Any CPU
		{AD52B508-C823-4E4A-BC5E-630C6B26EFC2}.Release|iPhone.ActiveCfg = Release|Any CPU
		{AD52B508-C823-4E4A-BC5E-630C6B26EFC2}.Release|iPhone.Build.0 = Release|Any CPU
		{896744AC-EA1F-447A-807C-FF917E9DAEE1}.Debug|Any CPU.ActiveCfg = Debug|iPhoneSimulator
		{896744AC-EA1F-447A-807C-FF917E9DAEE1}.Debug|Any CPU.Build.0 = Debug|iPhoneSimulator
		{896744AC-EA1F-447A-807C-FF917E9DAEE1}.Release|Any CPU.ActiveCfg = Release|iPhoneSimulator
		{896744AC-EA1F-447A-807C-FF917E9DAEE1}.Release|Any CPU.Build.0 = Release|iPhoneSimulator
		{896744AC-EA1F-447A-807C-FF917E9DAEE1}.Debug|iPhoneSimulator.ActiveCfg = Debug|iPhoneSimulator
		{896744AC-EA1F-447A-807C-FF917E9DAEE1}.Debug|iPhoneSimulator.Build.0 = Debug|iPhoneSimulator
		{896744AC-EA1F-447A-807C-FF917E9DAEE1}.Release|iPhoneSimulator.ActiveCfg = Release|iPhoneSimulator
		{896744AC-EA1F-447A-807C-FF917E9DAEE1}.Release|iPhoneSimulator.Build.0 = Release|iPhoneSimulator
		{896744AC-EA1F-447A-807C-FF917E9DAEE1}.Debug|iPhone.ActiveCfg = Debug|iPhone
		{896744AC-EA1F-447A-807C-FF917E9DAEE1}.Debug|iPhone.Build.0 = Debug|iPhone
		{896744AC-EA1F-447A-807C-FF917E9DAEE1}.Release|iPhone.ActiveCfg = Release|iPhone
		{896744AC-EA1F-447A-807C-FF917E9DAEE1}.Release|iPhone.Build.0 = Release|iPhone
	EndGlobalSection
EndGlobal
